
Microsoft Visual Studio Solution File, Format Version 12.00
# Visual Studio Version 17
VisualStudioVersion = 17.3.32929.385
MinimumVisualStudioVersion = 10.0.40219.1
Project("{9A19103F-16F7-4668-BE54-9A1E7A4F7556}") = "Webbarinak3", "Webbarinak3\Webbarinak3.csproj", "{68DF5AD9-EC02-4458-A922-01E3A08C5536}"
EndProject
Global
	GlobalSection(SolutionConfigurationPlatforms) = preSolution
		Debug|Any CPU = Debug|Any CPU
		Release|Any CPU = Release|Any CPU
	EndGlobalSection
	GlobalSection(ProjectConfigurationPlatforms) = postSolution
		{68DF5AD9-EC02-4458-A922-01E3A08C5536}.Debug|Any CPU.ActiveCfg = Debug|Any CPU
		{68DF5AD9-EC02-4458-A922-01E3A08C5536}.Debug|Any CPU.Build.0 = Debug|Any CPU
		{68DF5AD9-EC02-4458-A922-01E3A08C5536}.Release|Any CPU.ActiveCfg = Release|Any CPU
		{68DF5AD9-EC02-4458-A922-01E3A08C5536}.Release|Any CPU.Build.0 = Release|Any CPU
	EndGlobalSection
	GlobalSection(SolutionProperties) = preSolution
		HideSolutionNode = FALSE
	EndGlobalSection
	GlobalSection(ExtensibilityGlobals) = postSolution
		SolutionGuid = {F28822A1-2865-407F-9546-F18B84AFC589}
	EndGlobalSection
EndGlobal
